
Microsoft Visual Studio Solution File, Format Version 12.00
# Visual Studio Version 17
VisualStudioVersion = 17.3.32811.315
MinimumVisualStudioVersion = 10.0.40219.1
Project("{9A19103F-16F7-4668-BE54-9A1E7A4F7556}") = "NCSTOX.TheGoodScents.Extraction", "NCSTOX.TheGoodScents.Extraction\NCSTOX.TheGoodScents.Extraction.csproj", "{9FBCD053-CFC7-4084-A486-BF70F77F651D}"
EndProject
Project("{FAE04EC0-301F-11D3-BF4B-00C04F79EFBC}") = "NCSTOX.TheGoodScents.Extraction.Tests", "NCSTOX.TheGoodScents.Extraction.Tests\NCSTOX.TheGoodScents.Extraction.Tests.csproj", "{9C9E22A8-4874-49AC-88C0-BAB787FBFC26}"
EndProject
Global
	GlobalSection(SolutionConfigurationPlatforms) = preSolution
		Debug|Any CPU = Debug|Any CPU
		Release|Any CPU = Release|Any CPU
	EndGlobalSection
	GlobalSection(ProjectConfigurationPlatforms) = postSolution
		{9FBCD053-CFC7-4084-A486-BF70F77F651D}.Debug|Any CPU.ActiveCfg = Debug|Any CPU
		{9FBCD053-CFC7-4084-A486-BF70F77F651D}.Debug|Any CPU.Build.0 = Debug|Any CPU
		{9FBCD053-CFC7-4084-A486-BF70F77F651D}.Release|Any CPU.ActiveCfg = Release|Any CPU
		{9FBCD053-CFC7-4084-A486-BF70F77F651D}.Release|Any CPU.Build.0 = Release|Any CPU
		{9C9E22A8-4874-49AC-88C0-BAB787FBFC26}.Debug|Any CPU.ActiveCfg = Debug|Any CPU
		{9C9E22A8-4874-49AC-88C0-BAB787FBFC26}.Debug|Any CPU.Build.0 = Debug|Any CPU
		{9C9E22A8-4874-49AC-88C0-BAB787FBFC26}.Release|Any CPU.ActiveCfg = Release|Any CPU
		{9C9E22A8-4874-49AC-88C0-BAB787FBFC26}.Release|Any CPU.Build.0 = Release|Any CPU
	EndGlobalSection
	GlobalSection(SolutionProperties) = preSolution
		HideSolutionNode = FALSE
	EndGlobalSection
	GlobalSection(ExtensibilityGlobals) = postSolution
		SolutionGuid = {45DDA3A9-12CA-47A8-85BF-E9083A7E1287}
	EndGlobalSection
EndGlobal
